
Microsoft Visual Studio Solution File, Format Version 12.00
# Visual Studio 15
Project("{FAE04EC0-301F-11D3-BF4B-00C04F79EFBC}") = "Assembly-CSharp", "Assembly-CSharp.csproj", "{87080204-125B-4DEF-47DF-8590ACAAD238}"
EndProject
Project("{FAE04EC0-301F-11D3-BF4B-00C04F79EFBC}") = "AimingRig", "AimingRig.csproj", "{E75265EC-D79C-5D0B-1A69-F275C72E6945}"
EndProject
Project("{FAE04EC0-301F-11D3-BF4B-00C04F79EFBC}") = "Assembly-CSharp-Editor", "Assembly-CSharp-Editor.csproj", "{B80DC3AC-5079-8CCC-B6EF-FD17C52D6284}"
EndProject
Global
	GlobalSection(SolutionConfigurationPlatforms) = preSolution
		Debug|Any CPU = Debug|Any CPU
		Release|Any CPU = Release|Any CPU
	EndGlobalSection
	GlobalSection(ProjectConfigurationPlatforms) = postSolution
		{87080204-125B-4DEF-47DF-8590ACAAD238}.Debug|Any CPU.ActiveCfg = Debug|Any CPU
		{87080204-125B-4DEF-47DF-8590ACAAD238}.Debug|Any CPU.Build.0 = Debug|Any CPU
		{87080204-125B-4DEF-47DF-8590ACAAD238}.Release|Any CPU.ActiveCfg = Release|Any CPU
		{87080204-125B-4DEF-47DF-8590ACAAD238}.Release|Any CPU.Build.0 = Release|Any CPU
		{E75265EC-D79C-5D0B-1A69-F275C72E6945}.Debug|Any CPU.ActiveCfg = Debug|Any CPU
		{E75265EC-D79C-5D0B-1A69-F275C72E6945}.Debug|Any CPU.Build.0 = Debug|Any CPU
		{E75265EC-D79C-5D0B-1A69-F275C72E6945}.Release|Any CPU.ActiveCfg = Release|Any CPU
		{E75265EC-D79C-5D0B-1A69-F275C72E6945}.Release|Any CPU.Build.0 = Release|Any CPU
		{B80DC3AC-5079-8CCC-B6EF-FD17C52D6284}.Debug|Any CPU.ActiveCfg = Debug|Any CPU
		{B80DC3AC-5079-8CCC-B6EF-FD17C52D6284}.Debug|Any CPU.Build.0 = Debug|Any CPU
		{B80DC3AC-5079-8CCC-B6EF-FD17C52D6284}.Release|Any CPU.ActiveCfg = Release|Any CPU
		{B80DC3AC-5079-8CCC-B6EF-FD17C52D6284}.Release|Any CPU.Build.0 = Release|Any CPU
	EndGlobalSection
	GlobalSection(SolutionProperties) = preSolution
		HideSolutionNode = FALSE
	EndGlobalSection
EndGlobal
